
Microsoft Visual Studio Solution File, Format Version 12.00
# Visual Studio Version 16
VisualStudioVersion = 16.0.29025.244
MinimumVisualStudioVersion = 10.0.40219.1
Project("{FAE04EC0-301F-11D3-BF4B-00C04F79EFBC}") = "WpfApp1", "WpfApp1\WpfApp1.csproj", "{8072592A-4686-43EA-A435-3789230241C5}"
EndProject
Global
	GlobalSection(SolutionConfigurationPlatforms) = preSolution
		Debug|Any CPU = Debug|Any CPU
		Release|Any CPU = Release|Any CPU
	EndGlobalSection
	GlobalSection(ProjectConfigurationPlatforms) = postSolution
		{8072592A-4686-43EA-A435-3789230241C5}.Debug|Any CPU.ActiveCfg = Debug|Any CPU
		{8072592A-4686-43EA-A435-3789230241C5}.Debug|Any CPU.Build.0 = Debug|Any CPU
		{8072592A-4686-43EA-A435-3789230241C5}.Release|Any CPU.ActiveCfg = Release|Any CPU
		{8072592A-4686-43EA-A435-3789230241C5}.Release|Any CPU.Build.0 = Release|Any CPU
	EndGlobalSection
	GlobalSection(SolutionProperties) = preSolution
		HideSolutionNode = FALSE
	EndGlobalSection
	GlobalSection(ExtensibilityGlobals) = postSolution
		SolutionGuid = {437C46E1-2CA4-4D8A-AD77-C73E86F9E0D6}
	EndGlobalSection
EndGlobal
